<?xml version="1.0" encoding="utf-8"?>
<Project ToolsVersion="17.0" xmlns="http://schemas.microsoft.com/developer/msbuild/2003">
  <ItemGroup>
    <ClCompile Include="T:\cpp.project06.cocos\cocos2d\cocos\precheader.cpp">
      <Filter>Source Files</Filter>
    </ClCompile>
    <ClCompile Include="T:\cpp.project06.cocos\proj.win32\main.cpp" />
    <ClCompile Include="..\Classes\MainScene.cpp">
      <Filter>Source Files\Classes\Scenes</Filter>
    </ClCompile>
    <ClCompile Include="T:\cpp.project06.cocos\Classes\AppDelegate.cpp">
      <Filter>Source Files\Classes</Filter>
    </ClCompile>
  </ItemGroup>
  <ItemGroup>
    <CustomBuild Include="T:\cpp.project06.cocos\CMakeLists.txt" />
  </ItemGroup>
  <ItemGroup>
    <Filter Include="Source Files">
      <UniqueIdentifier>{6C4B846C-E35D-33B1-8AEE-2E5FC886B678}</UniqueIdentifier>
    </Filter>
    <Filter Include="Source Files\Classes">
      <UniqueIdentifier>{5698d415-824c-4019-ae49-167ceb3db7a3}</UniqueIdentifier>
    </Filter>
    <Filter Include="Source Files\Classes\Scenes">
      <UniqueIdentifier>{9e93cecb-6fa5-4bb9-a152-5a031adc02ce}</UniqueIdentifier>
    </Filter>
    <Filter Include="Ressources">
      <UniqueIdentifier>{9071fe01-a5c8-42f6-9071-e9c41c91c535}</UniqueIdentifier>
    </Filter>
  </ItemGroup>
  <ItemGroup>
    <ClInclude Include="T:\cpp.project06.cocos\proj.win32\main.h" />
    <ClInclude Include="T:\cpp.project06.cocos\proj.win32\resource.h" />
    <ClInclude Include="T:\cpp.project06.cocos\Resources\res\.gitkeep" />
    <ClInclude Include="..\Classes\MainScene.h">
      <Filter>Source Files\Classes\Scenes</Filter>
    </ClInclude>
    <ClInclude Include="T:\cpp.project06.cocos\Classes\AppDelegate.h">
      <Filter>Source Files\Classes</Filter>
    </ClInclude>
    <ClInclude Include="T:\cpp.project06.cocos\Resources\CloseNormal.png">
      <Filter>Ressources</Filter>
    </ClInclude>
    <ClInclude Include="T:\cpp.project06.cocos\Resources\CloseSelected.png">
      <Filter>Ressources</Filter>
    </ClInclude>
    <ClInclude Include="T:\cpp.project06.cocos\Resources\HelloWorld.png">
      <Filter>Ressources</Filter>
    </ClInclude>
    <ClInclude Include="T:\cpp.project06.cocos\Resources\fonts\Marker Felt.ttf">
      <Filter>Ressources</Filter>
    </ClInclude>
    <ClInclude Include="T:\cpp.project06.cocos\Resources\fonts\arial.ttf">
      <Filter>Ressources</Filter>
    </ClInclude>
  </ItemGroup>
  <ItemGroup>
    <ResourceCompile Include="T:\cpp.project06.cocos\proj.win32\game.rc" />
  </ItemGroup>
</Project>