<?xml version="1.0" encoding="utf-8"?>
<Project ToolsVersion="17.0" xmlns="http://schemas.microsoft.com/developer/msbuild/2003">
  <ItemGroup>
    <ClCompile Include="T:\cpp.project06.cocos\cocos2d\cocos\precheader.cpp">
      <Filter>Source Files</Filter>
    </ClCompile>
    <ClCompile Include="T:\cpp.project06.cocos\proj.win32\main.cpp" />
    <ClCompile Include="..\Classes\MainScene.cpp">
      <Filter>Source Files\Classes\Scenes</Filter>
    </ClCompile>
    <ClCompile Include="T:\cpp.project06.cocos\Classes\AppDelegate.cpp">
      <Filter>Source Files\Classes</Filter>
    </ClCompile>
    <ClCompile Include="..\Classes\Entities\Lemming.cpp">
      <Filter>Source Files\Classes\Entities</Filter>
    </ClCompile>
    <ClCompile Include="UtilityFunctions.cpp">
      <Filter>Source Files</Filter>
    </ClCompile>
    <ClCompile Include="..\Classes\TileMap\TileMap.cpp">
      <Filter>Source Files\Classes\TileMap</Filter>
    </ClCompile>
    <ClCompile Include="..\Classes\LevelMenu.cpp">
      <Filter>Source Files\Classes\Scenes\Menu</Filter>
    </ClCompile>
    <ClCompile Include="..\Classes\MainMenu.cpp">
      <Filter>Source Files\Classes\Scenes\Menu</Filter>
    </ClCompile>
    <ClCompile Include="..\Classes\SettingMenu.cpp">
      <Filter>Source Files\Classes\Scenes\Menu</Filter>
    </ClCompile>
  </ItemGroup>
  <ItemGroup>
    <CustomBuild Include="T:\cpp.project06.cocos\CMakeLists.txt" />
  </ItemGroup>
  <ItemGroup>
    <Filter Include="Source Files">
      <UniqueIdentifier>{6C4B846C-E35D-33B1-8AEE-2E5FC886B678}</UniqueIdentifier>
    </Filter>
    <Filter Include="Source Files\Classes">
      <UniqueIdentifier>{5698d415-824c-4019-ae49-167ceb3db7a3}</UniqueIdentifier>
    </Filter>
    <Filter Include="Source Files\Classes\Scenes">
      <UniqueIdentifier>{9e93cecb-6fa5-4bb9-a152-5a031adc02ce}</UniqueIdentifier>
    </Filter>
    <Filter Include="Ressources">
      <UniqueIdentifier>{9071fe01-a5c8-42f6-9071-e9c41c91c535}</UniqueIdentifier>
    </Filter>
    <Filter Include="Source Files\Classes\Entities">
      <UniqueIdentifier>{7b990328-1fc7-420c-afa2-39dece25d709}</UniqueIdentifier>
    </Filter>
    <Filter Include="Source Files\Classes\Scenes\Menu">
      <UniqueIdentifier>{99030b8e-443c-4635-9c2e-9dc2f5b6354e}</UniqueIdentifier>
    </Filter>
  </ItemGroup>
  <ItemGroup>
    <ClInclude Include="T:\cpp.project06.cocos\proj.win32\main.h" />
    <ClInclude Include="T:\cpp.project06.cocos\proj.win32\resource.h" />
    <ClInclude Include="T:\cpp.project06.cocos\Resources\res\.gitkeep" />
    <ClInclude Include="..\Classes\MainScene.h">
      <Filter>Source Files\Classes\Scenes</Filter>
    </ClInclude>
    <ClInclude Include="T:\cpp.project06.cocos\Classes\AppDelegate.h">
      <Filter>Source Files\Classes</Filter>
    </ClInclude>
    <ClInclude Include="T:\cpp.project06.cocos\Resources\CloseNormal.png">
      <Filter>Ressources</Filter>
    </ClInclude>
    <ClInclude Include="T:\cpp.project06.cocos\Resources\CloseSelected.png">
      <Filter>Ressources</Filter>
    </ClInclude>
    <ClInclude Include="T:\cpp.project06.cocos\Resources\HelloWorld.png">
      <Filter>Ressources</Filter>
    </ClInclude>
    <ClInclude Include="T:\cpp.project06.cocos\Resources\fonts\Marker Felt.ttf">
      <Filter>Ressources</Filter>
    </ClInclude>
    <ClInclude Include="T:\cpp.project06.cocos\Resources\fonts\arial.ttf">
      <Filter>Ressources</Filter>
    </ClInclude>
    <ClInclude Include="..\Classes\Entities\Lemming.h">
      <Filter>Source Files\Classes\Entities</Filter>
    </ClInclude>
    <ClInclude Include="Constants.h">
      <Filter>Source Files</Filter>
    </ClInclude>
    <ClInclude Include="UtilityFunctions.h">
      <Filter>Source Files</Filter>
    </ClInclude>
    <ClInclude Include="..\Classes\TileMap\TileMap.h">
      <Filter>Source Files\Classes\TileMap</Filter>
    </ClInclude>
    <ClInclude Include="..\Classes\LevelMenu.h">
      <Filter>Source Files\Classes\Scenes\Menu</Filter>
    </ClInclude>
    <ClInclude Include="..\Classes\MainMenu.h">
      <Filter>Source Files\Classes\Scenes\Menu</Filter>
    </ClInclude>
    <ClInclude Include="..\Classes\SettingMenu.h">
      <Filter>Source Files\Classes\Scenes\Menu</Filter>
    </ClInclude>
  </ItemGroup>
  <ItemGroup>
    <CustomBuild Include="T:\cpp.project06.cocos\CMakeLists.txt" />
  </ItemGroup>
  <ItemGroup>
    <ResourceCompile Include="T:\cpp.project06.cocos\proj.win32\game.rc">
      <Filter>Source Files\proj.win32</Filter>
    </ResourceCompile>
  </ItemGroup>
  <ItemGroup>
    <Filter Include="Resources">
      <UniqueIdentifier>{E6568009-A915-3737-8EEE-DE8BAB4390DF}</UniqueIdentifier>
    </Filter>
    <Filter Include="Resources\fonts">
      <UniqueIdentifier>{86F1BFB4-3154-3821-A0DB-D12FEF7FE28A}</UniqueIdentifier>
    </Filter>
    <Filter Include="Resources\res">
      <UniqueIdentifier>{5CCA28D2-6FA6-3B2C-966E-C836B9931384}</UniqueIdentifier>
    </Filter>
    <Filter Include="Source Files">
      <UniqueIdentifier>{6C4B846C-E35D-33B1-8AEE-2E5FC886B678}</UniqueIdentifier>
    </Filter>
    <Filter Include="Source Files\Classes">
      <UniqueIdentifier>{EF7064AF-53B5-3DEC-B04A-6CB0371C7B05}</UniqueIdentifier>
    </Filter>
    <Filter Include="Source Files\proj.win32">
      <UniqueIdentifier>{478824AC-996F-3059-B44C-4C4A18F0CF16}</UniqueIdentifier>
    </Filter>
    <Filter Include="Source Files\Classes\TileMap">
      <UniqueIdentifier>{f42ba5d1-473d-4036-adef-3970114e39fe}</UniqueIdentifier>
    </Filter>
  </ItemGroup>
  <ItemGroup>
    <Image Include="..\Resources\main_menu.jpg">
      <Filter>Resources</Filter>
    </Image>
    <Image Include="..\Resources\map_level.png">
      <Filter>Resources</Filter>
    </Image>
    <Image Include="..\Resources\map_cursor.png">
      <Filter>Resources</Filter>
    </Image>
  </ItemGroup>
</Project>